
Microsoft Visual Studio Solution File, Format Version 12.00
# Visual Studio Express 2013 for Windows Desktop
VisualStudioVersion = 12.0.21005.1
MinimumVisualStudioVersion = 10.0.40219.1
Project("{8BC9CEB8-8B4A-11D0-8D11-00A0C91BC942}") = "hw1", "C4\C4.vcxproj", "{A9A0AA64-3983-4E1A-9594-0F615B24F484}"
EndProject
Project("{8BC9CEB8-8B4A-11D0-8D11-00A0C91BC942}") = "UnitTest++", "..\C3\ext\unittest++\UnitTest++.vcxproj", "{64A4FEFE-0461-4E95-8CC1-91EF5F57DBC6}"
EndProject
Project("{8BC9CEB8-8B4A-11D0-8D11-00A0C91BC942}") = "hw2", "hw2\hw2.vcxproj", "{11966425-4831-401E-8F39-113F32215F1B}"
EndProject
Project("{8BC9CEB8-8B4A-11D0-8D11-00A0C91BC942}") = "proj1", "proj1\proj1.vcxproj", "{3041B023-517B-4B17-8AD4-1080755777BF}"
EndProject
Project("{8BC9CEB8-8B4A-11D0-8D11-00A0C91BC942}") = "hw3", "hw3\hw3.vcxproj", "{7E6FB86D-AC38-4EBC-B2BA-E9CBF505B8D1}"
EndProject
Project("{8BC9CEB8-8B4A-11D0-8D11-00A0C91BC942}") = "hw4", "hw4\hw4.vcxproj", "{DB33A68E-26EF-4396-8935-C3BB32B8E3BE}"
EndProject
Project("{8BC9CEB8-8B4A-11D0-8D11-00A0C91BC942}") = "hw5", "hw5\hw5.vcxproj", "{3B200BBF-F010-43B7-8D58-F477C6394DF8}"
EndProject
Project("{8BC9CEB8-8B4A-11D0-8D11-00A0C91BC942}") = "proj2", "proj2\proj2.vcxproj", "{302442E3-0E09-4118-A502-385F9DD24C80}"
EndProject
Project("{8BC9CEB8-8B4A-11D0-8D11-00A0C91BC942}") = "hw6", "hw6\hw6.vcxproj", "{186BF2FB-C854-47DA-86D5-473067AFFF1D}"
EndProject
Project("{8BC9CEB8-8B4A-11D0-8D11-00A0C91BC942}") = "hw7", "hw7\hw7.vcxproj", "{44B0E094-5451-4905-9213-BC40226269C0}"
EndProject
Project("{8BC9CEB8-8B4A-11D0-8D11-00A0C91BC942}") = "hw8", "hw8\hw8.vcxproj", "{DB89B69E-0516-416A-B180-38FA0F28F9D2}"
EndProject
Global
	GlobalSection(SolutionConfigurationPlatforms) = preSolution
		Debug|Win32 = Debug|Win32
		Release|Win32 = Release|Win32
	EndGlobalSection
	GlobalSection(ProjectConfigurationPlatforms) = postSolution
		{A9A0AA64-3983-4E1A-9594-0F615B24F484}.Debug|Win32.ActiveCfg = Debug|Win32
		{A9A0AA64-3983-4E1A-9594-0F615B24F484}.Debug|Win32.Build.0 = Debug|Win32
		{A9A0AA64-3983-4E1A-9594-0F615B24F484}.Release|Win32.ActiveCfg = Release|Win32
		{A9A0AA64-3983-4E1A-9594-0F615B24F484}.Release|Win32.Build.0 = Release|Win32
		{64A4FEFE-0461-4E95-8CC1-91EF5F57DBC6}.Debug|Win32.ActiveCfg = Debug|Win32
		{64A4FEFE-0461-4E95-8CC1-91EF5F57DBC6}.Debug|Win32.Build.0 = Debug|Win32
		{64A4FEFE-0461-4E95-8CC1-91EF5F57DBC6}.Release|Win32.ActiveCfg = Release|Win32
		{64A4FEFE-0461-4E95-8CC1-91EF5F57DBC6}.Release|Win32.Build.0 = Release|Win32
		{11966425-4831-401E-8F39-113F32215F1B}.Debug|Win32.ActiveCfg = Debug|Win32
		{11966425-4831-401E-8F39-113F32215F1B}.Debug|Win32.Build.0 = Debug|Win32
		{11966425-4831-401E-8F39-113F32215F1B}.Release|Win32.ActiveCfg = Release|Win32
		{11966425-4831-401E-8F39-113F32215F1B}.Release|Win32.Build.0 = Release|Win32
		{3041B023-517B-4B17-8AD4-1080755777BF}.Debug|Win32.ActiveCfg = Debug|Win32
		{3041B023-517B-4B17-8AD4-1080755777BF}.Debug|Win32.Build.0 = Debug|Win32
		{3041B023-517B-4B17-8AD4-1080755777BF}.Release|Win32.ActiveCfg = Release|Win32
		{3041B023-517B-4B17-8AD4-1080755777BF}.Release|Win32.Build.0 = Release|Win32
		{7E6FB86D-AC38-4EBC-B2BA-E9CBF505B8D1}.Debug|Win32.ActiveCfg = Debug|Win32
		{7E6FB86D-AC38-4EBC-B2BA-E9CBF505B8D1}.Debug|Win32.Build.0 = Debug|Win32
		{7E6FB86D-AC38-4EBC-B2BA-E9CBF505B8D1}.Release|Win32.ActiveCfg = Release|Win32
		{7E6FB86D-AC38-4EBC-B2BA-E9CBF505B8D1}.Release|Win32.Build.0 = Release|Win32
		{DB33A68E-26EF-4396-8935-C3BB32B8E3BE}.Debug|Win32.ActiveCfg = Debug|Win32
		{DB33A68E-26EF-4396-8935-C3BB32B8E3BE}.Debug|Win32.Build.0 = Debug|Win32
		{DB33A68E-26EF-4396-8935-C3BB32B8E3BE}.Release|Win32.ActiveCfg = Release|Win32
		{DB33A68E-26EF-4396-8935-C3BB32B8E3BE}.Release|Win32.Build.0 = Release|Win32
		{3B200BBF-F010-43B7-8D58-F477C6394DF8}.Debug|Win32.ActiveCfg = Debug|Win32
		{3B200BBF-F010-43B7-8D58-F477C6394DF8}.Debug|Win32.Build.0 = Debug|Win32
		{3B200BBF-F010-43B7-8D58-F477C6394DF8}.Release|Win32.ActiveCfg = Release|Win32
		{3B200BBF-F010-43B7-8D58-F477C6394DF8}.Release|Win32.Build.0 = Release|Win32
		{302442E3-0E09-4118-A502-385F9DD24C80}.Debug|Win32.ActiveCfg = Debug|Win32
		{302442E3-0E09-4118-A502-385F9DD24C80}.Debug|Win32.Build.0 = Debug|Win32
		{302442E3-0E09-4118-A502-385F9DD24C80}.Release|Win32.ActiveCfg = Release|Win32
		{302442E3-0E09-4118-A502-385F9DD24C80}.Release|Win32.Build.0 = Release|Win32
		{186BF2FB-C854-47DA-86D5-473067AFFF1D}.Debug|Win32.ActiveCfg = Debug|Win32
		{186BF2FB-C854-47DA-86D5-473067AFFF1D}.Debug|Win32.Build.0 = Debug|Win32
		{186BF2FB-C854-47DA-86D5-473067AFFF1D}.Release|Win32.ActiveCfg = Release|Win32
		{186BF2FB-C854-47DA-86D5-473067AFFF1D}.Release|Win32.Build.0 = Release|Win32
		{44B0E094-5451-4905-9213-BC40226269C0}.Debug|Win32.ActiveCfg = Debug|Win32
		{44B0E094-5451-4905-9213-BC40226269C0}.Debug|Win32.Build.0 = Debug|Win32
		{44B0E094-5451-4905-9213-BC40226269C0}.Release|Win32.ActiveCfg = Release|Win32
		{44B0E094-5451-4905-9213-BC40226269C0}.Release|Win32.Build.0 = Release|Win32
		{DB89B69E-0516-416A-B180-38FA0F28F9D2}.Debug|Win32.ActiveCfg = Debug|Win32
		{DB89B69E-0516-416A-B180-38FA0F28F9D2}.Debug|Win32.Build.0 = Debug|Win32
		{DB89B69E-0516-416A-B180-38FA0F28F9D2}.Release|Win32.ActiveCfg = Release|Win32
		{DB89B69E-0516-416A-B180-38FA0F28F9D2}.Release|Win32.Build.0 = Release|Win32
	EndGlobalSection
	GlobalSection(SolutionProperties) = preSolution
		HideSolutionNode = FALSE
	EndGlobalSection
EndGlobal
